
Microsoft Visual Studio Solution File, Format Version 12.00
# Visual Studio Version 17
VisualStudioVersion = 17.5.002.0
MinimumVisualStudioVersion = 10.0.40219.1
Project("{9A19103F-16F7-4668-BE54-9A1E7A4F7556}") = "promo", "promo.csproj", "{72C7FB4A-B4F8-4D6A-83A8-E09F157CBA20}"
EndProject
Global
	GlobalSection(SolutionConfigurationPlatforms) = preSolution
		Debug|Any CPU = Debug|Any CPU
		Release|Any CPU = Release|Any CPU
	EndGlobalSection
	GlobalSection(ProjectConfigurationPlatforms) = postSolution
		{72C7FB4A-B4F8-4D6A-83A8-E09F157CBA20}.Debug|Any CPU.ActiveCfg = Debug|Any CPU
		{72C7FB4A-B4F8-4D6A-83A8-E09F157CBA20}.Debug|Any CPU.Build.0 = Debug|Any CPU
		{72C7FB4A-B4F8-4D6A-83A8-E09F157CBA20}.Release|Any CPU.ActiveCfg = Release|Any CPU
		{72C7FB4A-B4F8-4D6A-83A8-E09F157CBA20}.Release|Any CPU.Build.0 = Release|Any CPU
	EndGlobalSection
	GlobalSection(SolutionProperties) = preSolution
		HideSolutionNode = FALSE
	EndGlobalSection
	GlobalSection(ExtensibilityGlobals) = postSolution
		SolutionGuid = {DCD19DFE-DE80-4E72-B231-581C9A6E6442}
	EndGlobalSection
EndGlobal
